
Microsoft Visual Studio Solution File, Format Version 12.00
# Visual Studio Version 17
VisualStudioVersion = 17.9.34622.214
MinimumVisualStudioVersion = 10.0.40219.1
Project("{9A19103F-16F7-4668-BE54-9A1E7A4F7556}") = "SistemaGptiCelular", "SistemaGptiCelular\SistemaGptiCelular.csproj", "{98E5DBB1-7303-4875-810C-2B9C51F59BBA}"
EndProject
Project("{9A19103F-16F7-4668-BE54-9A1E7A4F7556}") = "SistemaGptiCelular.AccesoDatos", "SistemaGptiCelular.AccesoDatos\SistemaGptiCelular.AccesoDatos.csproj", "{5F13348D-6124-49A2-8795-3691136CCE57}"
EndProject
Project("{9A19103F-16F7-4668-BE54-9A1E7A4F7556}") = "SistemaGptiCelular.Modelos", "SistemaGptiCelular.Modelos\SistemaGptiCelular.Modelos.csproj", "{8EC36FBB-A230-4AE7-B5C2-081EE2693AF4}"
EndProject
Project("{9A19103F-16F7-4668-BE54-9A1E7A4F7556}") = "SistemaGptiCelular.Utilidades", "SistemaGptiCelular.Utilidades\SistemaGptiCelular.Utilidades.csproj", "{76821724-CE78-4529-8F50-64AC538BBCA6}"
EndProject
Global
	GlobalSection(SolutionConfigurationPlatforms) = preSolution
		Debug|Any CPU = Debug|Any CPU
		Release|Any CPU = Release|Any CPU
	EndGlobalSection
	GlobalSection(ProjectConfigurationPlatforms) = postSolution
		{98E5DBB1-7303-4875-810C-2B9C51F59BBA}.Debug|Any CPU.ActiveCfg = Debug|Any CPU
		{98E5DBB1-7303-4875-810C-2B9C51F59BBA}.Debug|Any CPU.Build.0 = Debug|Any CPU
		{98E5DBB1-7303-4875-810C-2B9C51F59BBA}.Release|Any CPU.ActiveCfg = Release|Any CPU
		{98E5DBB1-7303-4875-810C-2B9C51F59BBA}.Release|Any CPU.Build.0 = Release|Any CPU
		{5F13348D-6124-49A2-8795-3691136CCE57}.Debug|Any CPU.ActiveCfg = Debug|Any CPU
		{5F13348D-6124-49A2-8795-3691136CCE57}.Debug|Any CPU.Build.0 = Debug|Any CPU
		{5F13348D-6124-49A2-8795-3691136CCE57}.Release|Any CPU.ActiveCfg = Release|Any CPU
		{5F13348D-6124-49A2-8795-3691136CCE57}.Release|Any CPU.Build.0 = Release|Any CPU
		{8EC36FBB-A230-4AE7-B5C2-081EE2693AF4}.Debug|Any CPU.ActiveCfg = Debug|Any CPU
		{8EC36FBB-A230-4AE7-B5C2-081EE2693AF4}.Debug|Any CPU.Build.0 = Debug|Any CPU
		{8EC36FBB-A230-4AE7-B5C2-081EE2693AF4}.Release|Any CPU.ActiveCfg = Release|Any CPU
		{8EC36FBB-A230-4AE7-B5C2-081EE2693AF4}.Release|Any CPU.Build.0 = Release|Any CPU
		{76821724-CE78-4529-8F50-64AC538BBCA6}.Debug|Any CPU.ActiveCfg = Debug|Any CPU
		{76821724-CE78-4529-8F50-64AC538BBCA6}.Debug|Any CPU.Build.0 = Debug|Any CPU
		{76821724-CE78-4529-8F50-64AC538BBCA6}.Release|Any CPU.ActiveCfg = Release|Any CPU
		{76821724-CE78-4529-8F50-64AC538BBCA6}.Release|Any CPU.Build.0 = Release|Any CPU
	EndGlobalSection
	GlobalSection(SolutionProperties) = preSolution
		HideSolutionNode = FALSE
	EndGlobalSection
	GlobalSection(ExtensibilityGlobals) = postSolution
		SolutionGuid = {0811FFBF-E636-4628-BC2B-C238E807C12D}
	EndGlobalSection
EndGlobal
